{
  "nodes": {
    "home-manager": {
      "inputs": {
        "nixpkgs": [
          "nixpkgs"
        ]
      },
      "locked": {
        "lastModified": 1746703400,
        "narHash": "sha256-mSqWQsJYMJBI3+X3opqaUqeNsGQxVdaNL5iUF7a6p50=",
        "owner": "nix-community",
        "repo": "home-manager",
        "rev": "50894120e8ac792a5d3046d23e4e4c4ef32cf09c",
        "type": "github"
      },
      "original": {
        "owner": "nix-community",
        "repo": "home-manager",
        "type": "github"
      }
    },
    "nixos-hardware": {
      "locked": {
        "lastModified": 1746621361,
        "narHash": "sha256-T9vOxEqI1j1RYugV0b9dgy0AreiZ9yBDKZJYyclF0og=",
        "owner": "NixOS",
        "repo": "nixos-hardware",
        "rev": "2ea3ad8a1f26a76f8a8e23fc4f7757c46ef30ee5",
        "type": "github"
      },
      "original": {
        "owner": "NixOS",
        "ref": "master",
        "repo": "nixos-hardware",
        "type": "github"
      }
    },
    "nixpkgs": {
      "locked": {
        "lastModified": 1746557022,
        "narHash": "sha256-QkNoyEf6TbaTW5UZYX0OkwIJ/ZMeKSSoOMnSDPQuol0=",
        "owner": "NixOS",
        "repo": "nixpkgs",
        "rev": "1d3aeb5a193b9ff13f63f4d9cc169fb88129f860",
        "type": "github"
      },
      "original": {
        "owner": "NixOS",
        "ref": "nixos-24.11",
        "repo": "nixpkgs",
        "type": "github"
      }
    },
    "root": {
      "inputs": {
        "home-manager": "home-manager",
        "nixos-hardware": "nixos-hardware",
        "nixpkgs": "nixpkgs"
      }
    }
  },
  "root": "root",
  "version": 7
}
